{
  "name": "classroom-callboard",
  "version": "0.1.0",
  "lockfileVersion": 3,
  "requires": true,
  "packages": {
    "": {
      "name": "classroom-callboard",
      "version": "0.1.0",
      "dependencies": {
        "@upstash/redis": "^1.34.3",
        "ws": "^8.18.0"
      },
      "engines": {
        "node": ">=20"
      }
    },
    "node_modules/@upstash/redis": {
      "version": "1.38.4",
      "resolved": "https://registry.npmjs.org/@upstash/redis/-/redis-1.38.4.tgz",
      "integrity": "sha512-ZX69mKReun/yieyHYLoBg0eSiF6hjCQjd8zUKkJ5eCHehDV6P8S8oZOHxGSfkH1spfOhGZk0EGerBrfUsXow8g==",
      "license": "MIT",
      "dependencies": {
        "uncrypto": "^0.1.3"
      }
    },
    "node_modules/uncrypto": {
      "version": "0.1.3",
      "resolved": "https://registry.npmjs.org/uncrypto/-/uncrypto-0.1.3.tgz",
      "integrity": "sha512-Ql87qFHB3s/De2ClA9e0gsnS6zXG27SkTiSJwjCc9MebbfapQfuPzumMIUMi38ezPZVNFcHI9sUIepeQfw8J8Q==",
      "license": "MIT"
    },
    "node_modules/ws": {
      "version": "8.21.3",
      "resolved": "https://registry.npmjs.org/ws/-/ws-8.21.3.tgz",
      "integrity": "sha512-201TZ/kPWxoPr/OKWjquZR1SWKXcvxdH+e1xrx89b3YbmzLMFCLfnaG1HFIgWzJOEWZ7MvpK++odZufgYR50Rw==",
      "license": "MIT",
      "engines": {
        "node": ">=10.0.0"
      },
      "peerDependencies": {
        "bufferutil": "^4.0.1",
        "utf-8-validate": ">=5.0.2"
      },
      "peerDependenciesMeta": {
        "bufferutil": {
          "optional": true
        },
        "utf-8-validate": {
          "optional": true
        }
      }
    }
  }
}
